
Microsoft Visual Studio Solution File, Format Version 12.00
# Visual Studio Version 16
VisualStudioVersion = 16.0.29123.88
MinimumVisualStudioVersion = 10.0.40219.1
Project("{FAE04EC0-301F-11D3-BF4B-00C04F79EFBC}") = "Lemon", "Lemon\Lemon.csproj", "{AF1463DA-B9CB-404E-897A-6D41C4C83307}"
EndProject
Global
	GlobalSection(SolutionConfigurationPlatforms) = preSolution
		Debug|Any CPU = Debug|Any CPU
		Release|Any CPU = Release|Any CPU
	EndGlobalSection
	GlobalSection(ProjectConfigurationPlatforms) = postSolution
		{AF1463DA-B9CB-404E-897A-6D41C4C83307}.Debug|Any CPU.ActiveCfg = Debug|Any CPU
		{AF1463DA-B9CB-404E-897A-6D41C4C83307}.Debug|Any CPU.Build.0 = Debug|Any CPU
		{AF1463DA-B9CB-404E-897A-6D41C4C83307}.Release|Any CPU.ActiveCfg = Release|Any CPU
		{AF1463DA-B9CB-404E-897A-6D41C4C83307}.Release|Any CPU.Build.0 = Release|Any CPU
	EndGlobalSection
	GlobalSection(SolutionProperties) = preSolution
		HideSolutionNode = FALSE
	EndGlobalSection
	GlobalSection(ExtensibilityGlobals) = postSolution
		SolutionGuid = {996CB215-FF48-4573-A914-18069B1A0FD2}
	EndGlobalSection
EndGlobal
